
Microsoft Visual Studio Solution File, Format Version 12.00
# Visual Studio Version 17
VisualStudioVersion = 17.7.34003.232
MinimumVisualStudioVersion = 10.0.40219.1
Project("{FAE04EC0-301F-11D3-BF4B-00C04F79EFBC}") = "BasicAuthExample", "BasicAuthExample\BasicAuthExample.csproj", "{485B750C-CF1A-4A50-81E7-659482E62212}"
EndProject
Global
	GlobalSection(SolutionConfigurationPlatforms) = preSolution
		Debug|Any CPU = Debug|Any CPU
		Release|Any CPU = Release|Any CPU
	EndGlobalSection
	GlobalSection(ProjectConfigurationPlatforms) = postSolution
		{485B750C-CF1A-4A50-81E7-659482E62212}.Debug|Any CPU.ActiveCfg = Debug|Any CPU
		{485B750C-CF1A-4A50-81E7-659482E62212}.Debug|Any CPU.Build.0 = Debug|Any CPU
		{485B750C-CF1A-4A50-81E7-659482E62212}.Release|Any CPU.ActiveCfg = Release|Any CPU
		{485B750C-CF1A-4A50-81E7-659482E62212}.Release|Any CPU.Build.0 = Release|Any CPU
	EndGlobalSection
	GlobalSection(SolutionProperties) = preSolution
		HideSolutionNode = FALSE
	EndGlobalSection
	GlobalSection(ExtensibilityGlobals) = postSolution
		SolutionGuid = {BC39A7E7-7A61-446B-BCB4-50394B16D4D5}
	EndGlobalSection
EndGlobal
